// !$*UTF8*$!
{
	archiveVersion = 1;
	classes = {
	};
	objectVersion = 56;
	objects = {

/* Begin PBXBuildFile section */
		D644BDF42B3502D400D80BE4 /* AppCommanderApp.swift in Sources */ = {isa = PBXBuildFile; fileRef = D644BDF32B3502D400D80BE4 /* AppCommanderApp.swift */; };
		D644BDF62B3502D400D80BE4 /* MainView.swift in Sources */ = {isa = PBXBuildFile; fileRef = D644BDF52B3502D400D80BE4 /* MainView.swift */; };
		D644BDF82B3502D700D80BE4 /* Assets.xcassets in Resources */ = {isa = PBXBuildFile; fileRef = D644BDF72B3502D700D80BE4 /* Assets.xcassets */; };
		D644BDFB2B3502D700D80BE4 /* Preview Assets.xcassets in Resources */ = {isa = PBXBuildFile; fileRef = D644BDFA2B3502D700D80BE4 /* Preview Assets.xcassets */; };
		D644BE212B35035A00D80BE4 /* App.swift in Sources */ = {isa = PBXBuildFile; fileRef = D644BE202B35035A00D80BE4 /* App.swift */; };
		D644BE682B35095700D80BE4 /* Print.swift in Sources */ = {isa = PBXBuildFile; fileRef = D644BE352B35095700D80BE4 /* Print.swift */; };
		D644BE692B35095700D80BE4 /* UIImage+resizeToApprox.swift in Sources */ = {isa = PBXBuildFile; fileRef = D644BE392B35095700D80BE4 /* UIImage+resizeToApprox.swift */; };
		D644BE6A2B35095700D80BE4 /* Color++.swift in Sources */ = {isa = PBXBuildFile; fileRef = D644BE3A2B35095700D80BE4 /* Color++.swift */; };
		D644BE6C2B35095700D80BE4 /* Dictionary+replaceValues.swift in Sources */ = {isa = PBXBuildFile; fileRef = D644BE3F2B35095700D80BE4 /* Dictionary+replaceValues.swift */; };
		D644BE6D2B35095700D80BE4 /* LogStream.swift in Sources */ = {isa = PBXBuildFile; fileRef = D644BE402B35095700D80BE4 /* LogStream.swift */; };
		D644BE6E2B35095700D80BE4 /* Respring.swift in Sources */ = {isa = PBXBuildFile; fileRef = D644BE412B35095700D80BE4 /* Respring.swift */; };
		D644BE6F2B35095700D80BE4 /* FilePickerViewControllerDelegate.swift in Sources */ = {isa = PBXBuildFile; fileRef = D644BE422B35095700D80BE4 /* FilePickerViewControllerDelegate.swift */; };
		D644BE702B35095700D80BE4 /* String+subscript.swift in Sources */ = {isa = PBXBuildFile; fileRef = D644BE432B35095700D80BE4 /* String+subscript.swift */; };
		D644BE712B35095700D80BE4 /* CGSize++.swift in Sources */ = {isa = PBXBuildFile; fileRef = D644BE442B35095700D80BE4 /* CGSize++.swift */; };
		D644BE722B35095700D80BE4 /* ImagePickerView.swift in Sources */ = {isa = PBXBuildFile; fileRef = D644BE462B35095700D80BE4 /* ImagePickerView.swift */; };
		D644BE732B35095700D80BE4 /* Haptic++.swift in Sources */ = {isa = PBXBuildFile; fileRef = D644BE472B35095700D80BE4 /* Haptic++.swift */; };
		D644BE742B35095700D80BE4 /* TotallyNotStolen.swift in Sources */ = {isa = PBXBuildFile; fileRef = D644BE492B35095700D80BE4 /* TotallyNotStolen.swift */; };
		D644BE752B35095700D80BE4 /* WebView.swift in Sources */ = {isa = PBXBuildFile; fileRef = D644BE4A2B35095700D80BE4 /* WebView.swift */; };
		D644BE772B35095700D80BE4 /* GoofyAhhNavigationPolyfill.swift in Sources */ = {isa = PBXBuildFile; fileRef = D644BE4C2B35095700D80BE4 /* GoofyAhhNavigationPolyfill.swift */; };
		D644BE782B35095700D80BE4 /* URL++.swift in Sources */ = {isa = PBXBuildFile; fileRef = D644BE4D2B35095700D80BE4 /* URL++.swift */; };
		D644BE792B35095700D80BE4 /* Date+Subtract.swift in Sources */ = {isa = PBXBuildFile; fileRef = D644BE4E2B35095700D80BE4 /* Date+Subtract.swift */; };
		D644BE7A2B35095700D80BE4 /* Alert++.swift in Sources */ = {isa = PBXBuildFile; fileRef = D644BE4F2B35095700D80BE4 /* Alert++.swift */; };
		D644BE7B2B35095700D80BE4 /* Color+Codable.swift in Sources */ = {isa = PBXBuildFile; fileRef = D644BE502B35095700D80BE4 /* Color+Codable.swift */; };
		D644BE7C2B35095700D80BE4 /* CommonFunctions.swift in Sources */ = {isa = PBXBuildFile; fileRef = D644BE512B35095700D80BE4 /* CommonFunctions.swift */; };
		D644BE7D2B35095700D80BE4 /* Array++.swift in Sources */ = {isa = PBXBuildFile; fileRef = D644BE522B35095700D80BE4 /* Array++.swift */; };
		D644BE7E2B35095700D80BE4 /* String+LocalizedError.swift in Sources */ = {isa = PBXBuildFile; fileRef = D644BE562B35095700D80BE4 /* String+LocalizedError.swift */; };
		D644BE7F2B35095700D80BE4 /* UIDevice+MachineName.swift in Sources */ = {isa = PBXBuildFile; fileRef = D644BE572B35095700D80BE4 /* UIDevice+MachineName.swift */; };
		D644BE802B35095700D80BE4 /* SafeIndex.swift in Sources */ = {isa = PBXBuildFile; fileRef = D644BE582B35095700D80BE4 /* SafeIndex.swift */; };
		D644BE812B35095700D80BE4 /* Padding.swift in Sources */ = {isa = PBXBuildFile; fileRef = D644BE592B35095700D80BE4 /* Padding.swift */; };
		D644BE822B35095700D80BE4 /* Generator.swift in Sources */ = {isa = PBXBuildFile; fileRef = D644BE5B2B35095700D80BE4 /* Generator.swift */; };
		D644BE832B35095700D80BE4 /* MMCQ.swift in Sources */ = {isa = PBXBuildFile; fileRef = D644BE5C2B35095700D80BE4 /* MMCQ.swift */; };
		D644BE842B35095700D80BE4 /* Quantizer.swift in Sources */ = {isa = PBXBuildFile; fileRef = D644BE5D2B35095700D80BE4 /* Quantizer.swift */; };
		D644BE852B35095700D80BE4 /* SVImage.swift in Sources */ = {isa = PBXBuildFile; fileRef = D644BE5E2B35095700D80BE4 /* SVImage.swift */; };
		D644BE862B35095700D80BE4 /* ColorConverters.swift in Sources */ = {isa = PBXBuildFile; fileRef = D644BE5F2B35095700D80BE4 /* ColorConverters.swift */; };
		D644BE872B35095700D80BE4 /* Builder.swift in Sources */ = {isa = PBXBuildFile; fileRef = D644BE602B35095700D80BE4 /* Builder.swift */; };
		D644BE882B35095700D80BE4 /* Constants-Vibrant.swift in Sources */ = {isa = PBXBuildFile; fileRef = D644BE612B35095700D80BE4 /* Constants-Vibrant.swift */; };
		D644BE892B35095700D80BE4 /* Vbox.swift in Sources */ = {isa = PBXBuildFile; fileRef = D644BE622B35095700D80BE4 /* Vbox.swift */; };
		D644BE8A2B35095700D80BE4 /* Util.swift in Sources */ = {isa = PBXBuildFile; fileRef = D644BE632B35095700D80BE4 /* Util.swift */; };
		D644BE8B2B35095700D80BE4 /* VibrantColors.swift in Sources */ = {isa = PBXBuildFile; fileRef = D644BE642B35095700D80BE4 /* VibrantColors.swift */; };
		D644BE8C2B35095700D80BE4 /* Filter.swift in Sources */ = {isa = PBXBuildFile; fileRef = D644BE652B35095700D80BE4 /* Filter.swift */; };
		D644BE8D2B35095700D80BE4 /* Vibrant.swift in Sources */ = {isa = PBXBuildFile; fileRef = D644BE662B35095700D80BE4 /* Vibrant.swift */; };
		D644BEA82B350AB100D80BE4 /* userspace_reboot.c in Sources */ = {isa = PBXBuildFile; fileRef = D644BEA62B350AB100D80BE4 /* userspace_reboot.c */; };
		D644BEAB2B350AE100D80BE4 /* URLBackport in Frameworks */ = {isa = PBXBuildFile; productRef = D644BEAA2B350AE100D80BE4 /* URLBackport */; };
		D644BEAE2B350B1C00D80BE4 /* Dynamic in Frameworks */ = {isa = PBXBuildFile; productRef = D644BEAD2B350B1C00D80BE4 /* Dynamic */; };
		D644BEB12B350B8700D80BE4 /* helpers.m in Sources */ = {isa = PBXBuildFile; fileRef = D644BEB02B350B8700D80BE4 /* helpers.m */; };
		D644BEC42B35100300D80BE4 /* MobileCoreServices.framework in Frameworks */ = {isa = PBXBuildFile; fileRef = D644BEC32B35100300D80BE4 /* MobileCoreServices.framework */; };
		D644BEC62B352C0600D80BE4 /* AppView.swift in Sources */ = {isa = PBXBuildFile; fileRef = D644BEC52B352C0600D80BE4 /* AppView.swift */; };
		D644BF0F2B35D95A00D80BE4 /* TDUtils.m in Sources */ = {isa = PBXBuildFile; fileRef = D644BF0A2B35D95A00D80BE4 /* TDUtils.m */; };
		D644BF112B35D95A00D80BE4 /* TDDumpDecrypted.m in Sources */ = {isa = PBXBuildFile; fileRef = D644BF0E2B35D95A00D80BE4 /* TDDumpDecrypted.m */; };
		D644BF3B2B35D96C00D80BE4 /* crypt.c in Sources */ = {isa = PBXBuildFile; fileRef = D644BF172B35D96C00D80BE4 /* crypt.c */; };
		D644BF3C2B35D96C00D80BE4 /* unzip.c in Sources */ = {isa = PBXBuildFile; fileRef = D644BF182B35D96C00D80BE4 /* unzip.c */; };
		D644BF3D2B35D96C00D80BE4 /* zip.c in Sources */ = {isa = PBXBuildFile; fileRef = D644BF192B35D96C00D80BE4 /* zip.c */; };
		D644BF3E2B35D96C00D80BE4 /* ioapi.c in Sources */ = {isa = PBXBuildFile; fileRef = D644BF1B2B35D96C00D80BE4 /* ioapi.c */; };
		D644BF3F2B35D96C00D80BE4 /* ioapi_buf.c in Sources */ = {isa = PBXBuildFile; fileRef = D644BF1D2B35D96C00D80BE4 /* ioapi_buf.c */; };
		D644BF402B35D96C00D80BE4 /* ioapi_mem.c in Sources */ = {isa = PBXBuildFile; fileRef = D644BF212B35D96C00D80BE4 /* ioapi_mem.c */; };
		D644BF412B35D96C00D80BE4 /* minishared.c in Sources */ = {isa = PBXBuildFile; fileRef = D644BF222B35D96C00D80BE4 /* minishared.c */; };
		D644BF422B35D96C00D80BE4 /* aeskey.c in Sources */ = {isa = PBXBuildFile; fileRef = D644BF282B35D96C00D80BE4 /* aeskey.c */; };
		D644BF432B35D96C00D80BE4 /* hmac.c in Sources */ = {isa = PBXBuildFile; fileRef = D644BF292B35D96C00D80BE4 /* hmac.c */; };
		D644BF442B35D96C00D80BE4 /* aescrypt.c in Sources */ = {isa = PBXBuildFile; fileRef = D644BF2C2B35D96C00D80BE4 /* aescrypt.c */; };
		D644BF452B35D96C00D80BE4 /* fileenc.c in Sources */ = {isa = PBXBuildFile; fileRef = D644BF2D2B35D96C00D80BE4 /* fileenc.c */; };
		D644BF462B35D96C00D80BE4 /* sha1.c in Sources */ = {isa = PBXBuildFile; fileRef = D644BF2F2B35D96C00D80BE4 /* sha1.c */; };
		D644BF472B35D96C00D80BE4 /* aes_ni.c in Sources */ = {isa = PBXBuildFile; fileRef = D644BF322B35D96C00D80BE4 /* aes_ni.c */; };
		D644BF482B35D96C00D80BE4 /* prng.c in Sources */ = {isa = PBXBuildFile; fileRef = D644BF342B35D96C00D80BE4 /* prng.c */; };
		D644BF492B35D96C00D80BE4 /* pwd2key.c in Sources */ = {isa = PBXBuildFile; fileRef = D644BF362B35D96C00D80BE4 /* pwd2key.c */; };
		D644BF4A2B35D96C00D80BE4 /* aestab.c in Sources */ = {isa = PBXBuildFile; fileRef = D644BF372B35D96C00D80BE4 /* aestab.c */; };
		D644BF4B2B35D96C00D80BE4 /* SSZipArchive.m in Sources */ = {isa = PBXBuildFile; fileRef = D644BF3A2B35D96C00D80BE4 /* SSZipArchive.m */; };
		D644BF4E2B35D9AF00D80BE4 /* LSApplicationProxy+AltList.m in Sources */ = {isa = PBXBuildFile; fileRef = D644BF4C2B35D9AF00D80BE4 /* LSApplicationProxy+AltList.m */; };
		D644BF512B35DDC300D80BE4 /* AppDetailsView.swift in Sources */ = {isa = PBXBuildFile; fileRef = D644BF502B35DDC300D80BE4 /* AppDetailsView.swift */; };
		D644BFD72B361AE700D80BE4 /* Decryption.swift in Sources */ = {isa = PBXBuildFile; fileRef = D644BFD62B361AE700D80BE4 /* Decryption.swift */; };
/* End PBXBuildFile section */

/* Begin PBXContainerItemProxy section */
		D644BE012B3502D700D80BE4 /* PBXContainerItemProxy */ = {
			isa = PBXContainerItemProxy;
			containerPortal = D644BDE82B3502D400D80BE4 /* Project object */;
			proxyType = 1;
			remoteGlobalIDString = D644BDEF2B3502D400D80BE4;
			remoteInfo = AppCommander;
		};
		D644BE0B2B3502D700D80BE4 /* PBXContainerItemProxy */ = {
			isa = PBXContainerItemProxy;
			containerPortal = D644BDE82B3502D400D80BE4 /* Project object */;
			proxyType = 1;
			remoteGlobalIDString = D644BDEF2B3502D400D80BE4;
			remoteInfo = AppCommander;
		};
/* End PBXContainerItemProxy section */

/* Begin PBXFileReference section */
		D644BDF02B3502D400D80BE4 /* AppCommander.app */ = {isa = PBXFileReference; explicitFileType = wrapper.application; includeInIndex = 0; path = AppCommander.app; sourceTree = BUILT_PRODUCTS_DIR; };
		D644BDF32B3502D400D80BE4 /* AppCommanderApp.swift */ = {isa = PBXFileReference; lastKnownFileType = sourcecode.swift; path = AppCommanderApp.swift; sourceTree = "<group>"; };
		D644BDF52B3502D400D80BE4 /* MainView.swift */ = {isa = PBXFileReference; lastKnownFileType = sourcecode.swift; name = MainView.swift; path = ../MainView.swift; sourceTree = "<group>"; };
		D644BDF72B3502D700D80BE4 /* Assets.xcassets */ = {isa = PBXFileReference; lastKnownFileType = folder.assetcatalog; path = Assets.xcassets; sourceTree = "<group>"; };
		D644BDFA2B3502D700D80BE4 /* Preview Assets.xcassets */ = {isa = PBXFileReference; lastKnownFileType = folder.assetcatalog; path = "Preview Assets.xcassets"; sourceTree = "<group>"; };
		D644BE002B3502D700D80BE4 /* AppCommanderTests.xctest */ = {isa = PBXFileReference; explicitFileType = wrapper.cfbundle; includeInIndex = 0; path = AppCommanderTests.xctest; sourceTree = BUILT_PRODUCTS_DIR; };
		D644BE0A2B3502D700D80BE4 /* AppCommanderUITests.xctest */ = {isa = PBXFileReference; explicitFileType = wrapper.cfbundle; includeInIndex = 0; path = AppCommanderUITests.xctest; sourceTree = BUILT_PRODUCTS_DIR; };
		D644BE1D2B35034300D80BE4 /* AppCommander-Bridging-Header.h */ = {isa = PBXFileReference; lastKnownFileType = sourcecode.c.h; path = "AppCommander-Bridging-Header.h"; sourceTree = "<group>"; };
		D644BE202B35035A00D80BE4 /* App.swift */ = {isa = PBXFileReference; lastKnownFileType = sourcecode.swift; path = App.swift; sourceTree = "<group>"; };
		D644BE352B35095700D80BE4 /* Print.swift */ = {isa = PBXFileReference; fileEncoding = 4; lastKnownFileType = sourcecode.swift; path = Print.swift; sourceTree = "<group>"; };
		D644BE392B35095700D80BE4 /* UIImage+resizeToApprox.swift */ = {isa = PBXFileReference; fileEncoding = 4; lastKnownFileType = sourcecode.swift; path = "UIImage+resizeToApprox.swift"; sourceTree = "<group>"; };
		D644BE3A2B35095700D80BE4 /* Color++.swift */ = {isa = PBXFileReference; fileEncoding = 4; lastKnownFileType = sourcecode.swift; path = "Color++.swift"; sourceTree = "<group>"; };
		D644BE3F2B35095700D80BE4 /* Dictionary+replaceValues.swift */ = {isa = PBXFileReference; fileEncoding = 4; lastKnownFileType = sourcecode.swift; path = "Dictionary+replaceValues.swift"; sourceTree = "<group>"; };
		D644BE402B35095700D80BE4 /* LogStream.swift */ = {isa = PBXFileReference; fileEncoding = 4; lastKnownFileType = sourcecode.swift; path = LogStream.swift; sourceTree = "<group>"; };
		D644BE412B35095700D80BE4 /* Respring.swift */ = {isa = PBXFileReference; fileEncoding = 4; lastKnownFileType = sourcecode.swift; path = Respring.swift; sourceTree = "<group>"; };
		D644BE422B35095700D80BE4 /* FilePickerViewControllerDelegate.swift */ = {isa = PBXFileReference; fileEncoding = 4; lastKnownFileType = sourcecode.swift; path = FilePickerViewControllerDelegate.swift; sourceTree = "<group>"; };
		D644BE432B35095700D80BE4 /* String+subscript.swift */ = {isa = PBXFileReference; fileEncoding = 4; lastKnownFileType = sourcecode.swift; path = "String+subscript.swift"; sourceTree = "<group>"; };
		D644BE442B35095700D80BE4 /* CGSize++.swift */ = {isa = PBXFileReference; fileEncoding = 4; lastKnownFileType = sourcecode.swift; path = "CGSize++.swift"; sourceTree = "<group>"; };
		D644BE462B35095700D80BE4 /* ImagePickerView.swift */ = {isa = PBXFileReference; fileEncoding = 4; lastKnownFileType = sourcecode.swift; path = ImagePickerView.swift; sourceTree = "<group>"; };
		D644BE472B35095700D80BE4 /* Haptic++.swift */ = {isa = PBXFileReference; fileEncoding = 4; lastKnownFileType = sourcecode.swift; path = "Haptic++.swift"; sourceTree = "<group>"; };
		D644BE492B35095700D80BE4 /* TotallyNotStolen.swift */ = {isa = PBXFileReference; fileEncoding = 4; lastKnownFileType = sourcecode.swift; path = TotallyNotStolen.swift; sourceTree = "<group>"; };
		D644BE4A2B35095700D80BE4 /* WebView.swift */ = {isa = PBXFileReference; fileEncoding = 4; lastKnownFileType = sourcecode.swift; path = WebView.swift; sourceTree = "<group>"; };
		D644BE4C2B35095700D80BE4 /* GoofyAhhNavigationPolyfill.swift */ = {isa = PBXFileReference; fileEncoding = 4; lastKnownFileType = sourcecode.swift; path = GoofyAhhNavigationPolyfill.swift; sourceTree = "<group>"; };
		D644BE4D2B35095700D80BE4 /* URL++.swift */ = {isa = PBXFileReference; fileEncoding = 4; lastKnownFileType = sourcecode.swift; path = "URL++.swift"; sourceTree = "<group>"; };
		D644BE4E2B35095700D80BE4 /* Date+Subtract.swift */ = {isa = PBXFileReference; fileEncoding = 4; lastKnownFileType = sourcecode.swift; path = "Date+Subtract.swift"; sourceTree = "<group>"; };
		D644BE4F2B35095700D80BE4 /* Alert++.swift */ = {isa = PBXFileReference; fileEncoding = 4; lastKnownFileType = sourcecode.swift; path = "Alert++.swift"; sourceTree = "<group>"; };
		D644BE502B35095700D80BE4 /* Color+Codable.swift */ = {isa = PBXFileReference; fileEncoding = 4; lastKnownFileType = sourcecode.swift; path = "Color+Codable.swift"; sourceTree = "<group>"; };
		D644BE512B35095700D80BE4 /* CommonFunctions.swift */ = {isa = PBXFileReference; fileEncoding = 4; lastKnownFileType = sourcecode.swift; path = CommonFunctions.swift; sourceTree = "<group>"; };
		D644BE522B35095700D80BE4 /* Array++.swift */ = {isa = PBXFileReference; fileEncoding = 4; lastKnownFileType = sourcecode.swift; path = "Array++.swift"; sourceTree = "<group>"; };
		D644BE562B35095700D80BE4 /* String+LocalizedError.swift */ = {isa = PBXFileReference; fileEncoding = 4; lastKnownFileType = sourcecode.swift; path = "String+LocalizedError.swift"; sourceTree = "<group>"; };
		D644BE572B35095700D80BE4 /* UIDevice+MachineName.swift */ = {isa = PBXFileReference; fileEncoding = 4; lastKnownFileType = sourcecode.swift; path = "UIDevice+MachineName.swift"; sourceTree = "<group>"; };
		D644BE582B35095700D80BE4 /* SafeIndex.swift */ = {isa = PBXFileReference; fileEncoding = 4; lastKnownFileType = sourcecode.swift; path = SafeIndex.swift; sourceTree = "<group>"; };
		D644BE592B35095700D80BE4 /* Padding.swift */ = {isa = PBXFileReference; fileEncoding = 4; lastKnownFileType = sourcecode.swift; path = Padding.swift; sourceTree = "<group>"; };
		D644BE5B2B35095700D80BE4 /* Generator.swift */ = {isa = PBXFileReference; fileEncoding = 4; lastKnownFileType = sourcecode.swift; path = Generator.swift; sourceTree = "<group>"; };
		D644BE5C2B35095700D80BE4 /* MMCQ.swift */ = {isa = PBXFileReference; fileEncoding = 4; lastKnownFileType = sourcecode.swift; path = MMCQ.swift; sourceTree = "<group>"; };
		D644BE5D2B35095700D80BE4 /* Quantizer.swift */ = {isa = PBXFileReference; fileEncoding = 4; lastKnownFileType = sourcecode.swift; path = Quantizer.swift; sourceTree = "<group>"; };
		D644BE5E2B35095700D80BE4 /* SVImage.swift */ = {isa = PBXFileReference; fileEncoding = 4; lastKnownFileType = sourcecode.swift; path = SVImage.swift; sourceTree = "<group>"; };
		D644BE5F2B35095700D80BE4 /* ColorConverters.swift */ = {isa = PBXFileReference; fileEncoding = 4; lastKnownFileType = sourcecode.swift; path = ColorConverters.swift; sourceTree = "<group>"; };
		D644BE602B35095700D80BE4 /* Builder.swift */ = {isa = PBXFileReference; fileEncoding = 4; lastKnownFileType = sourcecode.swift; path = Builder.swift; sourceTree = "<group>"; };
		D644BE612B35095700D80BE4 /* Constants-Vibrant.swift */ = {isa = PBXFileReference; fileEncoding = 4; lastKnownFileType = sourcecode.swift; path = "Constants-Vibrant.swift"; sourceTree = "<group>"; };
		D644BE622B35095700D80BE4 /* Vbox.swift */ = {isa = PBXFileReference; fileEncoding = 4; lastKnownFileType = sourcecode.swift; path = Vbox.swift; sourceTree = "<group>"; };
		D644BE632B35095700D80BE4 /* Util.swift */ = {isa = PBXFileReference; fileEncoding = 4; lastKnownFileType = sourcecode.swift; path = Util.swift; sourceTree = "<group>"; };
		D644BE642B35095700D80BE4 /* VibrantColors.swift */ = {isa = PBXFileReference; fileEncoding = 4; lastKnownFileType = sourcecode.swift; path = VibrantColors.swift; sourceTree = "<group>"; };
		D644BE652B35095700D80BE4 /* Filter.swift */ = {isa = PBXFileReference; fileEncoding = 4; lastKnownFileType = sourcecode.swift; path = Filter.swift; sourceTree = "<group>"; };
		D644BE662B35095700D80BE4 /* Vibrant.swift */ = {isa = PBXFileReference; fileEncoding = 4; lastKnownFileType = sourcecode.swift; path = Vibrant.swift; sourceTree = "<group>"; };
		D644BE902B350A5000D80BE4 /* MobileGestalt.h */ = {isa = PBXFileReference; fileEncoding = 4; lastKnownFileType = sourcecode.c.h; path = MobileGestalt.h; sourceTree = "<group>"; };
		D644BE912B350A5000D80BE4 /* CoreFoundation.h */ = {isa = PBXFileReference; fileEncoding = 4; lastKnownFileType = sourcecode.c.h; path = CoreFoundation.h; sourceTree = "<group>"; };
		D644BE922B350A5000D80BE4 /* IconServices.h */ = {isa = PBXFileReference; fileEncoding = 4; lastKnownFileType = sourcecode.c.h; path = IconServices.h; sourceTree = "<group>"; };
		D644BE932B350A5000D80BE4 /* bootstrap.h */ = {isa = PBXFileReference; fileEncoding = 4; lastKnownFileType = sourcecode.c.h; path = bootstrap.h; sourceTree = "<group>"; };
		D644BE942B350A5000D80BE4 /* SpringBoardServices.h */ = {isa = PBXFileReference; fileEncoding = 4; lastKnownFileType = sourcecode.c.h; path = SpringBoardServices.h; sourceTree = "<group>"; };
		D644BE962B350A5000D80BE4 /* NSUserDefaults.h */ = {isa = PBXFileReference; fileEncoding = 4; lastKnownFileType = sourcecode.c.h; path = NSUserDefaults.h; sourceTree = "<group>"; };
		D644BE972B350A5000D80BE4 /* CoreServices.h */ = {isa = PBXFileReference; fileEncoding = 4; lastKnownFileType = sourcecode.c.h; path = CoreServices.h; sourceTree = "<group>"; };
		D644BE982B350A5000D80BE4 /* RemoteLog.h */ = {isa = PBXFileReference; fileEncoding = 4; lastKnownFileType = sourcecode.c.h; path = RemoteLog.h; sourceTree = "<group>"; };
		D644BE9A2B350A5000D80BE4 /* endpoint.h */ = {isa = PBXFileReference; fileEncoding = 4; lastKnownFileType = sourcecode.c.h; path = endpoint.h; sourceTree = "<group>"; };
		D644BE9B2B350A5000D80BE4 /* debug.h */ = {isa = PBXFileReference; fileEncoding = 4; lastKnownFileType = sourcecode.c.h; path = debug.h; sourceTree = "<group>"; };
		D644BE9C2B350A5000D80BE4 /* listener.h */ = {isa = PBXFileReference; fileEncoding = 4; lastKnownFileType = sourcecode.c.h; path = listener.h; sourceTree = "<group>"; };
		D644BE9D2B350A5000D80BE4 /* availability.h */ = {isa = PBXFileReference; fileEncoding = 4; lastKnownFileType = sourcecode.c.h; path = availability.h; sourceTree = "<group>"; };
		D644BE9E2B350A5000D80BE4 /* rich_error.h */ = {isa = PBXFileReference; fileEncoding = 4; lastKnownFileType = sourcecode.c.h; path = rich_error.h; sourceTree = "<group>"; };
		D644BE9F2B350A5000D80BE4 /* xpc.h */ = {isa = PBXFileReference; fileEncoding = 4; lastKnownFileType = sourcecode.c.h; path = xpc.h; sourceTree = "<group>"; };
		D644BEA02B350A5000D80BE4 /* session.h */ = {isa = PBXFileReference; fileEncoding = 4; lastKnownFileType = sourcecode.c.h; path = session.h; sourceTree = "<group>"; };
		D644BEA12B350A5000D80BE4 /* xpc_connection.h */ = {isa = PBXFileReference; fileEncoding = 4; lastKnownFileType = sourcecode.c.h; path = xpc_connection.h; sourceTree = "<group>"; };
		D644BEA22B350A5000D80BE4 /* activity.h */ = {isa = PBXFileReference; fileEncoding = 4; lastKnownFileType = sourcecode.c.h; path = activity.h; sourceTree = "<group>"; };
		D644BEA32B350A5000D80BE4 /* launch.h */ = {isa = PBXFileReference; fileEncoding = 4; lastKnownFileType = sourcecode.c.h; path = launch.h; sourceTree = "<group>"; };
		D644BEA42B350A5000D80BE4 /* base.h */ = {isa = PBXFileReference; fileEncoding = 4; lastKnownFileType = sourcecode.c.h; path = base.h; sourceTree = "<group>"; };
		D644BEA62B350AB100D80BE4 /* userspace_reboot.c */ = {isa = PBXFileReference; fileEncoding = 4; lastKnownFileType = sourcecode.c.c; path = userspace_reboot.c; sourceTree = "<group>"; };
		D644BEA72B350AB100D80BE4 /* userspace_reboot.h */ = {isa = PBXFileReference; fileEncoding = 4; lastKnownFileType = sourcecode.c.h; path = userspace_reboot.h; sourceTree = "<group>"; };
		D644BEAF2B350B8700D80BE4 /* helpers.h */ = {isa = PBXFileReference; fileEncoding = 4; lastKnownFileType = sourcecode.c.h; path = helpers.h; sourceTree = "<group>"; };
		D644BEB02B350B8700D80BE4 /* helpers.m */ = {isa = PBXFileReference; fileEncoding = 4; lastKnownFileType = sourcecode.c.objc; path = helpers.m; sourceTree = "<group>"; };
		D644BEB22B350DAF00D80BE4 /* AppCommander.entitlements */ = {isa = PBXFileReference; lastKnownFileType = text.plist.entitlements; path = AppCommander.entitlements; sourceTree = "<group>"; };
		D644BEC32B35100300D80BE4 /* MobileCoreServices.framework */ = {isa = PBXFileReference; lastKnownFileType = wrapper.framework; name = MobileCoreServices.framework; path = System/Library/Frameworks/MobileCoreServices.framework; sourceTree = SDKROOT; };
		D644BEC52B352C0600D80BE4 /* AppView.swift */ = {isa = PBXFileReference; lastKnownFileType = sourcecode.swift; path = AppView.swift; sourceTree = "<group>"; };
		D644BF092B35D95A00D80BE4 /* TDUtils.h */ = {isa = PBXFileReference; fileEncoding = 4; lastKnownFileType = sourcecode.c.h; path = TDUtils.h; sourceTree = "<group>"; };
		D644BF0A2B35D95A00D80BE4 /* TDUtils.m */ = {isa = PBXFileReference; fileEncoding = 4; lastKnownFileType = sourcecode.c.objc; path = TDUtils.m; sourceTree = "<group>"; };
		D644BF0D2B35D95A00D80BE4 /* TDDumpDecrypted.h */ = {isa = PBXFileReference; fileEncoding = 4; lastKnownFileType = sourcecode.c.h; path = TDDumpDecrypted.h; sourceTree = "<group>"; };
		D644BF0E2B35D95A00D80BE4 /* TDDumpDecrypted.m */ = {isa = PBXFileReference; fileEncoding = 4; lastKnownFileType = sourcecode.c.objc; path = TDDumpDecrypted.m; sourceTree = "<group>"; };
		D644BF132B35D96B00D80BE4 /* ZipArchive.h */ = {isa = PBXFileReference; fileEncoding = 4; lastKnownFileType = sourcecode.c.h; path = ZipArchive.h; sourceTree = "<group>"; };
		D644BF142B35D96B00D80BE4 /* SSZipCommon.h */ = {isa = PBXFileReference; fileEncoding = 4; lastKnownFileType = sourcecode.c.h; path = SSZipCommon.h; sourceTree = "<group>"; };
		D644BF152B35D96B00D80BE4 /* SSZipArchive.h */ = {isa = PBXFileReference; fileEncoding = 4; lastKnownFileType = sourcecode.c.h; path = SSZipArchive.h; sourceTree = "<group>"; };
		D644BF172B35D96C00D80BE4 /* crypt.c */ = {isa = PBXFileReference; fileEncoding = 4; lastKnownFileType = sourcecode.c.c; path = crypt.c; sourceTree = "<group>"; };
		D644BF182B35D96C00D80BE4 /* unzip.c */ = {isa = PBXFileReference; fileEncoding = 4; lastKnownFileType = sourcecode.c.c; path = unzip.c; sourceTree = "<group>"; };
		D644BF192B35D96C00D80BE4 /* zip.c */ = {isa = PBXFileReference; fileEncoding = 4; lastKnownFileType = sourcecode.c.c; path = zip.c; sourceTree = "<group>"; };
		D644BF1A2B35D96C00D80BE4 /* minishared.h */ = {isa = PBXFileReference; fileEncoding = 4; lastKnownFileType = sourcecode.c.h; path = minishared.h; sourceTree = "<group>"; };
		D644BF1B2B35D96C00D80BE4 /* ioapi.c */ = {isa = PBXFileReference; fileEncoding = 4; lastKnownFileType = sourcecode.c.c; path = ioapi.c; sourceTree = "<group>"; };
		D644BF1C2B35D96C00D80BE4 /* ioapi_mem.h */ = {isa = PBXFileReference; fileEncoding = 4; lastKnownFileType = sourcecode.c.h; path = ioapi_mem.h; sourceTree = "<group>"; };
		D644BF1D2B35D96C00D80BE4 /* ioapi_buf.c */ = {isa = PBXFileReference; fileEncoding = 4; lastKnownFileType = sourcecode.c.c; path = ioapi_buf.c; sourceTree = "<group>"; };
		D644BF1E2B35D96C00D80BE4 /* crypt.h */ = {isa = PBXFileReference; fileEncoding = 4; lastKnownFileType = sourcecode.c.h; path = crypt.h; sourceTree = "<group>"; };
		D644BF1F2B35D96C00D80BE4 /* zip.h */ = {isa = PBXFileReference; fileEncoding = 4; lastKnownFileType = sourcecode.c.h; path = zip.h; sourceTree = "<group>"; };
		D644BF202B35D96C00D80BE4 /* unzip.h */ = {isa = PBXFileReference; fileEncoding = 4; lastKnownFileType = sourcecode.c.h; path = unzip.h; sourceTree = "<group>"; };
		D644BF212B35D96C00D80BE4 /* ioapi_mem.c */ = {isa = PBXFileReference; fileEncoding = 4; lastKnownFileType = sourcecode.c.c; path = ioapi_mem.c; sourceTree = "<group>"; };
		D644BF222B35D96C00D80BE4 /* minishared.c */ = {isa = PBXFileReference; fileEncoding = 4; lastKnownFileType = sourcecode.c.c; path = minishared.c; sourceTree = "<group>"; };
		D644BF232B35D96C00D80BE4 /* ioapi.h */ = {isa = PBXFileReference; fileEncoding = 4; lastKnownFileType = sourcecode.c.h; path = ioapi.h; sourceTree = "<group>"; };
		D644BF242B35D96C00D80BE4 /* ioapi_buf.h */ = {isa = PBXFileReference; fileEncoding = 4; lastKnownFileType = sourcecode.c.h; path = ioapi_buf.h; sourceTree = "<group>"; };
		D644BF262B35D96C00D80BE4 /* prng.h */ = {isa = PBXFileReference; fileEncoding = 4; lastKnownFileType = sourcecode.c.h; path = prng.h; sourceTree = "<group>"; };
		D644BF272B35D96C00D80BE4 /* aes_ni.h */ = {isa = PBXFileReference; fileEncoding = 4; lastKnownFileType = sourcecode.c.h; path = aes_ni.h; sourceTree = "<group>"; };
		D644BF282B35D96C00D80BE4 /* aeskey.c */ = {isa = PBXFileReference; fileEncoding = 4; lastKnownFileType = sourcecode.c.c; path = aeskey.c; sourceTree = "<group>"; };
		D644BF292B35D96C00D80BE4 /* hmac.c */ = {isa = PBXFileReference; fileEncoding = 4; lastKnownFileType = sourcecode.c.c; path = hmac.c; sourceTree = "<group>"; };
		D644BF2A2B35D96C00D80BE4 /* aestab.h */ = {isa = PBXFileReference; fileEncoding = 4; lastKnownFileType = sourcecode.c.h; path = aestab.h; sourceTree = "<group>"; };
		D644BF2B2B35D96C00D80BE4 /* pwd2key.h */ = {isa = PBXFileReference; fileEncoding = 4; lastKnownFileType = sourcecode.c.h; path = pwd2key.h; sourceTree = "<group>"; };
		D644BF2C2B35D96C00D80BE4 /* aescrypt.c */ = {isa = PBXFileReference; fileEncoding = 4; lastKnownFileType = sourcecode.c.c; path = aescrypt.c; sourceTree = "<group>"; };
		D644BF2D2B35D96C00D80BE4 /* fileenc.c */ = {isa = PBXFileReference; fileEncoding = 4; lastKnownFileType = sourcecode.c.c; path = fileenc.c; sourceTree = "<group>"; };
		D644BF2E2B35D96C00D80BE4 /* aesopt.h */ = {isa = PBXFileReference; fileEncoding = 4; lastKnownFileType = sourcecode.c.h; path = aesopt.h; sourceTree = "<group>"; };
		D644BF2F2B35D96C00D80BE4 /* sha1.c */ = {isa = PBXFileReference; fileEncoding = 4; lastKnownFileType = sourcecode.c.c; path = sha1.c; sourceTree = "<group>"; };
		D644BF302B35D96C00D80BE4 /* brg_types.h */ = {isa = PBXFileReference; fileEncoding = 4; lastKnownFileType = sourcecode.c.h; path = brg_types.h; sourceTree = "<group>"; };
		D644BF312B35D96C00D80BE4 /* hmac.h */ = {isa = PBXFileReference; fileEncoding = 4; lastKnownFileType = sourcecode.c.h; path = hmac.h; sourceTree = "<group>"; };
		D644BF322B35D96C00D80BE4 /* aes_ni.c */ = {isa = PBXFileReference; fileEncoding = 4; lastKnownFileType = sourcecode.c.c; path = aes_ni.c; sourceTree = "<group>"; };
		D644BF332B35D96C00D80BE4 /* brg_endian.h */ = {isa = PBXFileReference; fileEncoding = 4; lastKnownFileType = sourcecode.c.h; path = brg_endian.h; sourceTree = "<group>"; };
		D644BF342B35D96C00D80BE4 /* prng.c */ = {isa = PBXFileReference; fileEncoding = 4; lastKnownFileType = sourcecode.c.c; path = prng.c; sourceTree = "<group>"; };
		D644BF352B35D96C00D80BE4 /* aes.h */ = {isa = PBXFileReference; fileEncoding = 4; lastKnownFileType = sourcecode.c.h; path = aes.h; sourceTree = "<group>"; };
		D644BF362B35D96C00D80BE4 /* pwd2key.c */ = {isa = PBXFileReference; fileEncoding = 4; lastKnownFileType = sourcecode.c.c; path = pwd2key.c; sourceTree = "<group>"; };
		D644BF372B35D96C00D80BE4 /* aestab.c */ = {isa = PBXFileReference; fileEncoding = 4; lastKnownFileType = sourcecode.c.c; path = aestab.c; sourceTree = "<group>"; };
		D644BF382B35D96C00D80BE4 /* sha1.h */ = {isa = PBXFileReference; fileEncoding = 4; lastKnownFileType = sourcecode.c.h; path = sha1.h; sourceTree = "<group>"; };
		D644BF392B35D96C00D80BE4 /* fileenc.h */ = {isa = PBXFileReference; fileEncoding = 4; lastKnownFileType = sourcecode.c.h; path = fileenc.h; sourceTree = "<group>"; };
		D644BF3A2B35D96C00D80BE4 /* SSZipArchive.m */ = {isa = PBXFileReference; fileEncoding = 4; lastKnownFileType = sourcecode.c.objc; path = SSZipArchive.m; sourceTree = "<group>"; };
		D644BF4C2B35D9AF00D80BE4 /* LSApplicationProxy+AltList.m */ = {isa = PBXFileReference; fileEncoding = 4; lastKnownFileType = sourcecode.c.objc; path = "LSApplicationProxy+AltList.m"; sourceTree = "<group>"; };
		D644BF4D2B35D9AF00D80BE4 /* LSApplicationProxy+AltList.h */ = {isa = PBXFileReference; fileEncoding = 4; lastKnownFileType = sourcecode.c.h; path = "LSApplicationProxy+AltList.h"; sourceTree = "<group>"; };
		D644BF4F2B35DAA400D80BE4 /* LaunchServices.h */ = {isa = PBXFileReference; lastKnownFileType = sourcecode.c.h; path = LaunchServices.h; sourceTree = "<group>"; };
		D644BF502B35DDC300D80BE4 /* AppDetailsView.swift */ = {isa = PBXFileReference; lastKnownFileType = sourcecode.swift; path = AppDetailsView.swift; sourceTree = "<group>"; };
		D644BFD62B361AE700D80BE4 /* Decryption.swift */ = {isa = PBXFileReference; lastKnownFileType = sourcecode.swift; path = Decryption.swift; sourceTree = "<group>"; };
/* End PBXFileReference section */

/* Begin PBXFrameworksBuildPhase section */
		D644BDED2B3502D400D80BE4 /* Frameworks */ = {
			isa = PBXFrameworksBuildPhase;
			buildActionMask = 2147483647;
			files = (
				D644BEAE2B350B1C00D80BE4 /* Dynamic in Frameworks */,
				D644BEC42B35100300D80BE4 /* MobileCoreServices.framework in Frameworks */,
				D644BEAB2B350AE100D80BE4 /* URLBackport in Frameworks */,
			);
			runOnlyForDeploymentPostprocessing = 0;
		};
		D644BDFD2B3502D700D80BE4 /* Frameworks */ = {
			isa = PBXFrameworksBuildPhase;
			buildActionMask = 2147483647;
			files = (
			);
			runOnlyForDeploymentPostprocessing = 0;
		};
		D644BE072B3502D700D80BE4 /* Frameworks */ = {
			isa = PBXFrameworksBuildPhase;
			buildActionMask = 2147483647;
			files = (
			);
			runOnlyForDeploymentPostprocessing = 0;
		};
/* End PBXFrameworksBuildPhase section */

/* Begin PBXGroup section */
		D644BDE72B3502D400D80BE4 = {
			isa = PBXGroup;
			children = (
				D644BDF22B3502D400D80BE4 /* AppCommander */,
				D644BDF12B3502D400D80BE4 /* Products */,
				D644BEC22B35100200D80BE4 /* Frameworks */,
			);
			sourceTree = "<group>";
		};
		D644BDF12B3502D400D80BE4 /* Products */ = {
			isa = PBXGroup;
			children = (
				D644BDF02B3502D400D80BE4 /* AppCommander.app */,
				D644BE002B3502D700D80BE4 /* AppCommanderTests.xctest */,
				D644BE0A2B3502D700D80BE4 /* AppCommanderUITests.xctest */,
			);
			name = Products;
			sourceTree = "<group>";
		};
		D644BDF22B3502D400D80BE4 /* AppCommander */ = {
			isa = PBXGroup;
			children = (
				D644BE1D2B35034300D80BE4 /* AppCommander-Bridging-Header.h */,
				D644BDF32B3502D400D80BE4 /* AppCommanderApp.swift */,
				D644BEB22B350DAF00D80BE4 /* AppCommander.entitlements */,
				D644BF082B35D93E00D80BE4 /* Objective-C 💀 */,
				D644BE342B35095700D80BE4 /* Extensions */,
				D644BE8F2B350A5000D80BE4 /* Private APIs */,
				D644BE242B35036600D80BE4 /* Models */,
				D644BE222B35035D00D80BE4 /* Views */,
				D644BDF72B3502D700D80BE4 /* Assets.xcassets */,
				D644BDF92B3502D700D80BE4 /* Preview Content */,
			);
			path = AppCommander;
			sourceTree = "<group>";
		};
		D644BDF92B3502D700D80BE4 /* Preview Content */ = {
			isa = PBXGroup;
			children = (
				D644BDFA2B3502D700D80BE4 /* Preview Assets.xcassets */,
			);
			path = "Preview Content";
			sourceTree = "<group>";
		};
		D644BE222B35035D00D80BE4 /* Views */ = {
			isa = PBXGroup;
			children = (
				D644BDF52B3502D400D80BE4 /* MainView.swift */,
				D644BEC52B352C0600D80BE4 /* AppView.swift */,
				D644BF502B35DDC300D80BE4 /* AppDetailsView.swift */,
			);
			path = Views;
			sourceTree = "<group>";
		};
		D644BE242B35036600D80BE4 /* Models */ = {
			isa = PBXGroup;
			children = (
				D644BE202B35035A00D80BE4 /* App.swift */,
				D644BFD62B361AE700D80BE4 /* Decryption.swift */,
			);
			path = Models;
			sourceTree = "<group>";
		};
		D644BE342B35095700D80BE4 /* Extensions */ = {
			isa = PBXGroup;
			children = (
				D644BEAF2B350B8700D80BE4 /* helpers.h */,
				D644BEB02B350B8700D80BE4 /* helpers.m */,
				D644BE982B350A5000D80BE4 /* RemoteLog.h */,
				D644BE352B35095700D80BE4 /* Print.swift */,
				D644BE392B35095700D80BE4 /* UIImage+resizeToApprox.swift */,
				D644BE3A2B35095700D80BE4 /* Color++.swift */,
				D644BE3F2B35095700D80BE4 /* Dictionary+replaceValues.swift */,
				D644BE402B35095700D80BE4 /* LogStream.swift */,
				D644BE412B35095700D80BE4 /* Respring.swift */,
				D644BE422B35095700D80BE4 /* FilePickerViewControllerDelegate.swift */,
				D644BE432B35095700D80BE4 /* String+subscript.swift */,
				D644BE442B35095700D80BE4 /* CGSize++.swift */,
				D644BE462B35095700D80BE4 /* ImagePickerView.swift */,
				D644BE472B35095700D80BE4 /* Haptic++.swift */,
				D644BE492B35095700D80BE4 /* TotallyNotStolen.swift */,
				D644BE4A2B35095700D80BE4 /* WebView.swift */,
				D644BE4C2B35095700D80BE4 /* GoofyAhhNavigationPolyfill.swift */,
				D644BE4D2B35095700D80BE4 /* URL++.swift */,
				D644BE4E2B35095700D80BE4 /* Date+Subtract.swift */,
				D644BE4F2B35095700D80BE4 /* Alert++.swift */,
				D644BE502B35095700D80BE4 /* Color+Codable.swift */,
				D644BE512B35095700D80BE4 /* CommonFunctions.swift */,
				D644BE522B35095700D80BE4 /* Array++.swift */,
				D644BE562B35095700D80BE4 /* String+LocalizedError.swift */,
				D644BE572B35095700D80BE4 /* UIDevice+MachineName.swift */,
				D644BE582B35095700D80BE4 /* SafeIndex.swift */,
				D644BE592B35095700D80BE4 /* Padding.swift */,
				D644BE5A2B35095700D80BE4 /* Swift-Vibrant */,
			);
			path = Extensions;
			sourceTree = "<group>";
		};
		D644BE5A2B35095700D80BE4 /* Swift-Vibrant */ = {
			isa = PBXGroup;
			children = (
				D644BE5B2B35095700D80BE4 /* Generator.swift */,
				D644BE5C2B35095700D80BE4 /* MMCQ.swift */,
				D644BE5D2B35095700D80BE4 /* Quantizer.swift */,
				D644BE5E2B35095700D80BE4 /* SVImage.swift */,
				D644BE5F2B35095700D80BE4 /* ColorConverters.swift */,
				D644BE602B35095700D80BE4 /* Builder.swift */,
				D644BE612B35095700D80BE4 /* Constants-Vibrant.swift */,
				D644BE622B35095700D80BE4 /* Vbox.swift */,
				D644BE632B35095700D80BE4 /* Util.swift */,
				D644BE642B35095700D80BE4 /* VibrantColors.swift */,
				D644BE652B35095700D80BE4 /* Filter.swift */,
				D644BE662B35095700D80BE4 /* Vibrant.swift */,
			);
			path = "Swift-Vibrant";
			sourceTree = "<group>";
		};
		D644BE8F2B350A5000D80BE4 /* Private APIs */ = {
			isa = PBXGroup;
			children = (
				D644BEA62B350AB100D80BE4 /* userspace_reboot.c */,
				D644BEA72B350AB100D80BE4 /* userspace_reboot.h */,
				D644BE902B350A5000D80BE4 /* MobileGestalt.h */,
				D644BE912B350A5000D80BE4 /* CoreFoundation.h */,
				D644BE922B350A5000D80BE4 /* IconServices.h */,
				D644BE932B350A5000D80BE4 /* bootstrap.h */,
				D644BE942B350A5000D80BE4 /* SpringBoardServices.h */,
				D644BE962B350A5000D80BE4 /* NSUserDefaults.h */,
				D644BE972B350A5000D80BE4 /* CoreServices.h */,
				D644BE992B350A5000D80BE4 /* xpc */,
			);
			path = "Private APIs";
			sourceTree = "<group>";
		};
		D644BE992B350A5000D80BE4 /* xpc */ = {
			isa = PBXGroup;
			children = (
				D644BE9A2B350A5000D80BE4 /* endpoint.h */,
				D644BE9B2B350A5000D80BE4 /* debug.h */,
				D644BE9C2B350A5000D80BE4 /* listener.h */,
				D644BE9D2B350A5000D80BE4 /* availability.h */,
				D644BE9E2B350A5000D80BE4 /* rich_error.h */,
				D644BE9F2B350A5000D80BE4 /* xpc.h */,
				D644BEA02B350A5000D80BE4 /* session.h */,
				D644BEA12B350A5000D80BE4 /* xpc_connection.h */,
				D644BEA22B350A5000D80BE4 /* activity.h */,
				D644BEA32B350A5000D80BE4 /* launch.h */,
				D644BEA42B350A5000D80BE4 /* base.h */,
			);
			path = xpc;
			sourceTree = "<group>";
		};
		D644BEC22B35100200D80BE4 /* Frameworks */ = {
			isa = PBXGroup;
			children = (
				D644BEC32B35100300D80BE4 /* MobileCoreServices.framework */,
			);
			name = Frameworks;
			sourceTree = "<group>";
		};
		D644BF082B35D93E00D80BE4 /* Objective-C 💀 */ = {
			isa = PBXGroup;
			children = (
				D644BF4D2B35D9AF00D80BE4 /* LSApplicationProxy+AltList.h */,
				D644BF4F2B35DAA400D80BE4 /* LaunchServices.h */,
				D644BF4C2B35D9AF00D80BE4 /* LSApplicationProxy+AltList.m */,
				D644BF122B35D96100D80BE4 /* SSZipArchive */,
				D644BF0D2B35D95A00D80BE4 /* TDDumpDecrypted.h */,
				D644BF0E2B35D95A00D80BE4 /* TDDumpDecrypted.m */,
				D644BF092B35D95A00D80BE4 /* TDUtils.h */,
				D644BF0A2B35D95A00D80BE4 /* TDUtils.m */,
			);
			path = "Objective-C 💀";
			sourceTree = "<group>";
		};
		D644BF122B35D96100D80BE4 /* SSZipArchive */ = {
			isa = PBXGroup;
			children = (
				D644BF162B35D96C00D80BE4 /* minizip */,
				D644BF152B35D96B00D80BE4 /* SSZipArchive.h */,
				D644BF3A2B35D96C00D80BE4 /* SSZipArchive.m */,
				D644BF142B35D96B00D80BE4 /* SSZipCommon.h */,
				D644BF132B35D96B00D80BE4 /* ZipArchive.h */,
			);
			path = SSZipArchive;
			sourceTree = "<group>";
		};
		D644BF162B35D96C00D80BE4 /* minizip */ = {
			isa = PBXGroup;
			children = (
				D644BF172B35D96C00D80BE4 /* crypt.c */,
				D644BF182B35D96C00D80BE4 /* unzip.c */,
				D644BF192B35D96C00D80BE4 /* zip.c */,
				D644BF1A2B35D96C00D80BE4 /* minishared.h */,
				D644BF1B2B35D96C00D80BE4 /* ioapi.c */,
				D644BF1C2B35D96C00D80BE4 /* ioapi_mem.h */,
				D644BF1D2B35D96C00D80BE4 /* ioapi_buf.c */,
				D644BF1E2B35D96C00D80BE4 /* crypt.h */,
				D644BF1F2B35D96C00D80BE4 /* zip.h */,
				D644BF202B35D96C00D80BE4 /* unzip.h */,
				D644BF212B35D96C00D80BE4 /* ioapi_mem.c */,
				D644BF222B35D96C00D80BE4 /* minishared.c */,
				D644BF232B35D96C00D80BE4 /* ioapi.h */,
				D644BF242B35D96C00D80BE4 /* ioapi_buf.h */,
				D644BF252B35D96C00D80BE4 /* aes */,
			);
			path = minizip;
			sourceTree = "<group>";
		};
		D644BF252B35D96C00D80BE4 /* aes */ = {
			isa = PBXGroup;
			children = (
				D644BF262B35D96C00D80BE4 /* prng.h */,
				D644BF272B35D96C00D80BE4 /* aes_ni.h */,
				D644BF282B35D96C00D80BE4 /* aeskey.c */,
				D644BF292B35D96C00D80BE4 /* hmac.c */,
				D644BF2A2B35D96C00D80BE4 /* aestab.h */,
				D644BF2B2B35D96C00D80BE4 /* pwd2key.h */,
				D644BF2C2B35D96C00D80BE4 /* aescrypt.c */,
				D644BF2D2B35D96C00D80BE4 /* fileenc.c */,
				D644BF2E2B35D96C00D80BE4 /* aesopt.h */,
				D644BF2F2B35D96C00D80BE4 /* sha1.c */,
				D644BF302B35D96C00D80BE4 /* brg_types.h */,
				D644BF312B35D96C00D80BE4 /* hmac.h */,
				D644BF322B35D96C00D80BE4 /* aes_ni.c */,
				D644BF332B35D96C00D80BE4 /* brg_endian.h */,
				D644BF342B35D96C00D80BE4 /* prng.c */,
				D644BF352B35D96C00D80BE4 /* aes.h */,
				D644BF362B35D96C00D80BE4 /* pwd2key.c */,
				D644BF372B35D96C00D80BE4 /* aestab.c */,
				D644BF382B35D96C00D80BE4 /* sha1.h */,
				D644BF392B35D96C00D80BE4 /* fileenc.h */,
			);
			path = aes;
			sourceTree = "<group>";
		};
/* End PBXGroup section */

/* Begin PBXNativeTarget section */
		D644BDEF2B3502D400D80BE4 /* AppCommander */ = {
			isa = PBXNativeTarget;
			buildConfigurationList = D644BE142B3502D700D80BE4 /* Build configuration list for PBXNativeTarget "AppCommander" */;
			buildPhases = (
				D644BDEC2B3502D400D80BE4 /* Sources */,
				D644BDED2B3502D400D80BE4 /* Frameworks */,
				D644BDEE2B3502D400D80BE4 /* Resources */,
			);
			buildRules = (
			);
			dependencies = (
			);
			name = AppCommander;
			packageProductDependencies = (
				D644BEAA2B350AE100D80BE4 /* URLBackport */,
				D644BEAD2B350B1C00D80BE4 /* Dynamic */,
			);
			productName = AppCommander;
			productReference = D644BDF02B3502D400D80BE4 /* AppCommander.app */;
			productType = "com.apple.product-type.application";
		};
		D644BDFF2B3502D700D80BE4 /* AppCommanderTests */ = {
			isa = PBXNativeTarget;
			buildConfigurationList = D644BE172B3502D700D80BE4 /* Build configuration list for PBXNativeTarget "AppCommanderTests" */;
			buildPhases = (
				D644BDFC2B3502D700D80BE4 /* Sources */,
				D644BDFD2B3502D700D80BE4 /* Frameworks */,
				D644BDFE2B3502D700D80BE4 /* Resources */,
			);
			buildRules = (
			);
			dependencies = (
				D644BE022B3502D700D80BE4 /* PBXTargetDependency */,
			);
			name = AppCommanderTests;
			productName = AppCommanderTests;
			productReference = D644BE002B3502D700D80BE4 /* AppCommanderTests.xctest */;
			productType = "com.apple.product-type.bundle.unit-test";
		};
		D644BE092B3502D700D80BE4 /* AppCommanderUITests */ = {
			isa = PBXNativeTarget;
			buildConfigurationList = D644BE1A2B3502D700D80BE4 /* Build configuration list for PBXNativeTarget "AppCommanderUITests" */;
			buildPhases = (
				D644BE062B3502D700D80BE4 /* Sources */,
				D644BE072B3502D700D80BE4 /* Frameworks */,
				D644BE082B3502D700D80BE4 /* Resources */,
			);
			buildRules = (
			);
			dependencies = (
				D644BE0C2B3502D700D80BE4 /* PBXTargetDependency */,
			);
			name = AppCommanderUITests;
			productName = AppCommanderUITests;
			productReference = D644BE0A2B3502D700D80BE4 /* AppCommanderUITests.xctest */;
			productType = "com.apple.product-type.bundle.ui-testing";
		};
/* End PBXNativeTarget section */

/* Begin PBXProject section */
		D644BDE82B3502D400D80BE4 /* Project object */ = {
			isa = PBXProject;
			attributes = {
				BuildIndependentTargetsInParallel = 1;
				LastSwiftUpdateCheck = 1510;
				LastUpgradeCheck = 1510;
				TargetAttributes = {
					D644BDEF2B3502D400D80BE4 = {
						CreatedOnToolsVersion = 15.1;
						LastSwiftMigration = 1510;
					};
					D644BDFF2B3502D700D80BE4 = {
						CreatedOnToolsVersion = 15.1;
						TestTargetID = D644BDEF2B3502D400D80BE4;
					};
					D644BE092B3502D700D80BE4 = {
						CreatedOnToolsVersion = 15.1;
						TestTargetID = D644BDEF2B3502D400D80BE4;
					};
				};
			};
			buildConfigurationList = D644BDEB2B3502D400D80BE4 /* Build configuration list for PBXProject "AppCommander" */;
			compatibilityVersion = "Xcode 14.0";
			developmentRegion = en;
			hasScannedForEncodings = 0;
			knownRegions = (
				en,
				Base,
			);
			mainGroup = D644BDE72B3502D400D80BE4;
			packageReferences = (
				D644BEA92B350AE100D80BE4 /* XCRemoteSwiftPackageReference "URLBackport-archive" */,
				D644BEAC2B350B1C00D80BE4 /* XCRemoteSwiftPackageReference "Dynamic" */,
			);
			productRefGroup = D644BDF12B3502D400D80BE4 /* Products */;
			projectDirPath = "";
			projectRoot = "";
			targets = (
				D644BDEF2B3502D400D80BE4 /* AppCommander */,
				D644BDFF2B3502D700D80BE4 /* AppCommanderTests */,
				D644BE092B3502D700D80BE4 /* AppCommanderUITests */,
			);
		};
/* End PBXProject section */

/* Begin PBXResourcesBuildPhase section */
		D644BDEE2B3502D400D80BE4 /* Resources */ = {
			isa = PBXResourcesBuildPhase;
			buildActionMask = 2147483647;
			files = (
				D644BDFB2B3502D700D80BE4 /* Preview Assets.xcassets in Resources */,
				D644BDF82B3502D700D80BE4 /* Assets.xcassets in Resources */,
			);
			runOnlyForDeploymentPostprocessing = 0;
		};
		D644BDFE2B3502D700D80BE4 /* Resources */ = {
			isa = PBXResourcesBuildPhase;
			buildActionMask = 2147483647;
			files = (
			);
			runOnlyForDeploymentPostprocessing = 0;
		};
		D644BE082B3502D700D80BE4 /* Resources */ = {
			isa = PBXResourcesBuildPhase;
			buildActionMask = 2147483647;
			files = (
			);
			runOnlyForDeploymentPostprocessing = 0;
		};
/* End PBXResourcesBuildPhase section */

/* Begin PBXSourcesBuildPhase section */
		D644BDEC2B3502D400D80BE4 /* Sources */ = {
			isa = PBXSourcesBuildPhase;
			buildActionMask = 2147483647;
			files = (
				D644BE852B35095700D80BE4 /* SVImage.swift in Sources */,
				D644BF3C2B35D96C00D80BE4 /* unzip.c in Sources */,
				D644BE742B35095700D80BE4 /* TotallyNotStolen.swift in Sources */,
				D644BE212B35035A00D80BE4 /* App.swift in Sources */,
				D644BE832B35095700D80BE4 /* MMCQ.swift in Sources */,
				D644BF112B35D95A00D80BE4 /* TDDumpDecrypted.m in Sources */,
				D644BF0F2B35D95A00D80BE4 /* TDUtils.m in Sources */,
				D644BFD72B361AE700D80BE4 /* Decryption.swift in Sources */,
				D644BEA82B350AB100D80BE4 /* userspace_reboot.c in Sources */,
				D644BF3D2B35D96C00D80BE4 /* zip.c in Sources */,
				D644BF4A2B35D96C00D80BE4 /* aestab.c in Sources */,
				D644BDF62B3502D400D80BE4 /* MainView.swift in Sources */,
				D644BDF42B3502D400D80BE4 /* AppCommanderApp.swift in Sources */,
				D644BF462B35D96C00D80BE4 /* sha1.c in Sources */,
				D644BE7F2B35095700D80BE4 /* UIDevice+MachineName.swift in Sources */,
				D644BE732B35095700D80BE4 /* Haptic++.swift in Sources */,
				D644BE6A2B35095700D80BE4 /* Color++.swift in Sources */,
				D644BF492B35D96C00D80BE4 /* pwd2key.c in Sources */,
				D644BF472B35D96C00D80BE4 /* aes_ni.c in Sources */,
				D644BE892B35095700D80BE4 /* Vbox.swift in Sources */,
				D644BF4B2B35D96C00D80BE4 /* SSZipArchive.m in Sources */,
				D644BF512B35DDC300D80BE4 /* AppDetailsView.swift in Sources */,
				D644BE872B35095700D80BE4 /* Builder.swift in Sources */,
				D644BE772B35095700D80BE4 /* GoofyAhhNavigationPolyfill.swift in Sources */,
				D644BEB12B350B8700D80BE4 /* helpers.m in Sources */,
				D644BE722B35095700D80BE4 /* ImagePickerView.swift in Sources */,
				D644BF3F2B35D96C00D80BE4 /* ioapi_buf.c in Sources */,
				D644BE822B35095700D80BE4 /* Generator.swift in Sources */,
				D644BE682B35095700D80BE4 /* Print.swift in Sources */,
				D644BE692B35095700D80BE4 /* UIImage+resizeToApprox.swift in Sources */,
				D644BF432B35D96C00D80BE4 /* hmac.c in Sources */,
				D644BE842B35095700D80BE4 /* Quantizer.swift in Sources */,
				D644BF4E2B35D9AF00D80BE4 /* LSApplicationProxy+AltList.m in Sources */,
				D644BE712B35095700D80BE4 /* CGSize++.swift in Sources */,
				D644BE782B35095700D80BE4 /* URL++.swift in Sources */,
				D644BF3B2B35D96C00D80BE4 /* crypt.c in Sources */,
				D644BF3E2B35D96C00D80BE4 /* ioapi.c in Sources */,
				D644BF412B35D96C00D80BE4 /* minishared.c in Sources */,
				D644BE8D2B35095700D80BE4 /* Vibrant.swift in Sources */,
				D644BF402B35D96C00D80BE4 /* ioapi_mem.c in Sources */,
				D644BF482B35D96C00D80BE4 /* prng.c in Sources */,
				D644BE702B35095700D80BE4 /* String+subscript.swift in Sources */,
				D644BE7D2B35095700D80BE4 /* Array++.swift in Sources */,
				D644BE8C2B35095700D80BE4 /* Filter.swift in Sources */,
				D644BE752B35095700D80BE4 /* WebView.swift in Sources */,
				D644BF422B35D96C00D80BE4 /* aeskey.c in Sources */,
				D644BE792B35095700D80BE4 /* Date+Subtract.swift in Sources */,
				D644BE6C2B35095700D80BE4 /* Dictionary+replaceValues.swift in Sources */,
				D644BF452B35D96C00D80BE4 /* fileenc.c in Sources */,
				D644BE7E2B35095700D80BE4 /* String+LocalizedError.swift in Sources */,
				D644BE7B2B35095700D80BE4 /* Color+Codable.swift in Sources */,
				D644BE7A2B35095700D80BE4 /* Alert++.swift in Sources */,
				D644BE802B35095700D80BE4 /* SafeIndex.swift in Sources */,
				D644BE7C2B35095700D80BE4 /* CommonFunctions.swift in Sources */,
				D644BE812B35095700D80BE4 /* Padding.swift in Sources */,
				D644BE8B2B35095700D80BE4 /* VibrantColors.swift in Sources */,
				D644BEC62B352C0600D80BE4 /* AppView.swift in Sources */,
				D644BF442B35D96C00D80BE4 /* aescrypt.c in Sources */,
				D644BE8A2B35095700D80BE4 /* Util.swift in Sources */,
				D644BE6D2B35095700D80BE4 /* LogStream.swift in Sources */,
				D644BE862B35095700D80BE4 /* ColorConverters.swift in Sources */,
				D644BE6F2B35095700D80BE4 /* FilePickerViewControllerDelegate.swift in Sources */,
				D644BE882B35095700D80BE4 /* Constants-Vibrant.swift in Sources */,
				D644BE6E2B35095700D80BE4 /* Respring.swift in Sources */,
			);
			runOnlyForDeploymentPostprocessing = 0;
		};
		D644BDFC2B3502D700D80BE4 /* Sources */ = {
			isa = PBXSourcesBuildPhase;
			buildActionMask = 2147483647;
			files = (
			);
			runOnlyForDeploymentPostprocessing = 0;
		};
		D644BE062B3502D700D80BE4 /* Sources */ = {
			isa = PBXSourcesBuildPhase;
			buildActionMask = 2147483647;
			files = (
			);
			runOnlyForDeploymentPostprocessing = 0;
		};
/* End PBXSourcesBuildPhase section */

/* Begin PBXTargetDependency section */
		D644BE022B3502D700D80BE4 /* PBXTargetDependency */ = {
			isa = PBXTargetDependency;
			target = D644BDEF2B3502D400D80BE4 /* AppCommander */;
			targetProxy = D644BE012B3502D700D80BE4 /* PBXContainerItemProxy */;
		};
		D644BE0C2B3502D700D80BE4 /* PBXTargetDependency */ = {
			isa = PBXTargetDependency;
			target = D644BDEF2B3502D400D80BE4 /* AppCommander */;
			targetProxy = D644BE0B2B3502D700D80BE4 /* PBXContainerItemProxy */;
		};
/* End PBXTargetDependency section */

/* Begin XCBuildConfiguration section */
		D644BE122B3502D700D80BE4 /* Debug */ = {
			isa = XCBuildConfiguration;
			buildSettings = {
				ALWAYS_SEARCH_USER_PATHS = NO;
				ASSETCATALOG_COMPILER_GENERATE_SWIFT_ASSET_SYMBOL_EXTENSIONS = YES;
				CLANG_ANALYZER_NONNULL = YES;
				CLANG_ANALYZER_NUMBER_OBJECT_CONVERSION = YES_AGGRESSIVE;
				CLANG_CXX_LANGUAGE_STANDARD = "gnu++20";
				CLANG_ENABLE_MODULES = YES;
				CLANG_ENABLE_OBJC_ARC = YES;
				CLANG_ENABLE_OBJC_WEAK = YES;
				CLANG_WARN_BLOCK_CAPTURE_AUTORELEASING = YES;
				CLANG_WARN_BOOL_CONVERSION = YES;
				CLANG_WARN_COMMA = YES;
				CLANG_WARN_CONSTANT_CONVERSION = YES;
				CLANG_WARN_DEPRECATED_OBJC_IMPLEMENTATIONS = YES;
				CLANG_WARN_DIRECT_OBJC_ISA_USAGE = YES_ERROR;
				CLANG_WARN_DOCUMENTATION_COMMENTS = YES;
				CLANG_WARN_EMPTY_BODY = YES;
				CLANG_WARN_ENUM_CONVERSION = YES;
				CLANG_WARN_INFINITE_RECURSION = YES;
				CLANG_WARN_INT_CONVERSION = YES;
				CLANG_WARN_NON_LITERAL_NULL_CONVERSION = YES;
				CLANG_WARN_OBJC_IMPLICIT_RETAIN_SELF = YES;
				CLANG_WARN_OBJC_LITERAL_CONVERSION = YES;
				CLANG_WARN_OBJC_ROOT_CLASS = YES_ERROR;
				CLANG_WARN_QUOTED_INCLUDE_IN_FRAMEWORK_HEADER = YES;
				CLANG_WARN_RANGE_LOOP_ANALYSIS = YES;
				CLANG_WARN_STRICT_PROTOTYPES = YES;
				CLANG_WARN_SUSPICIOUS_MOVE = YES;
				CLANG_WARN_UNGUARDED_AVAILABILITY = YES_AGGRESSIVE;
				CLANG_WARN_UNREACHABLE_CODE = YES;
				CLANG_WARN__DUPLICATE_METHOD_MATCH = YES;
				COPY_PHASE_STRIP = NO;
				DEBUG_INFORMATION_FORMAT = dwarf;
				ENABLE_STRICT_OBJC_MSGSEND = YES;
				ENABLE_TESTABILITY = YES;
				ENABLE_USER_SCRIPT_SANDBOXING = YES;
				GCC_C_LANGUAGE_STANDARD = gnu17;
				GCC_DYNAMIC_NO_PIC = NO;
				GCC_NO_COMMON_BLOCKS = YES;
				GCC_OPTIMIZATION_LEVEL = 0;
				GCC_PREPROCESSOR_DEFINITIONS = (
					"DEBUG=1",
					"$(inherited)",
				);
				GCC_WARN_64_TO_32_BIT_CONVERSION = YES;
				GCC_WARN_ABOUT_RETURN_TYPE = YES_ERROR;
				GCC_WARN_UNDECLARED_SELECTOR = YES;
				GCC_WARN_UNINITIALIZED_AUTOS = YES_AGGRESSIVE;
				GCC_WARN_UNUSED_FUNCTION = YES;
				GCC_WARN_UNUSED_VARIABLE = YES;
				IPHONEOS_DEPLOYMENT_TARGET = 17.2;
				LOCALIZATION_PREFERS_STRING_CATALOGS = YES;
				MTL_ENABLE_DEBUG_INFO = INCLUDE_SOURCE;
				MTL_FAST_MATH = YES;
				ONLY_ACTIVE_ARCH = YES;
				SDKROOT = iphoneos;
				SWIFT_ACTIVE_COMPILATION_CONDITIONS = "DEBUG $(inherited)";
				SWIFT_OPTIMIZATION_LEVEL = "-Onone";
			};
			name = Debug;
		};
		D644BE132B3502D700D80BE4 /* Release */ = {
			isa = XCBuildConfiguration;
			buildSettings = {
				ALWAYS_SEARCH_USER_PATHS = NO;
				ASSETCATALOG_COMPILER_GENERATE_SWIFT_ASSET_SYMBOL_EXTENSIONS = YES;
				CLANG_ANALYZER_NONNULL = YES;
				CLANG_ANALYZER_NUMBER_OBJECT_CONVERSION = YES_AGGRESSIVE;
				CLANG_CXX_LANGUAGE_STANDARD = "gnu++20";
				CLANG_ENABLE_MODULES = YES;
				CLANG_ENABLE_OBJC_ARC = YES;
				CLANG_ENABLE_OBJC_WEAK = YES;
				CLANG_WARN_BLOCK_CAPTURE_AUTORELEASING = YES;
				CLANG_WARN_BOOL_CONVERSION = YES;
				CLANG_WARN_COMMA = YES;
				CLANG_WARN_CONSTANT_CONVERSION = YES;
				CLANG_WARN_DEPRECATED_OBJC_IMPLEMENTATIONS = YES;
				CLANG_WARN_DIRECT_OBJC_ISA_USAGE = YES_ERROR;
				CLANG_WARN_DOCUMENTATION_COMMENTS = YES;
				CLANG_WARN_EMPTY_BODY = YES;
				CLANG_WARN_ENUM_CONVERSION = YES;
				CLANG_WARN_INFINITE_RECURSION = YES;
				CLANG_WARN_INT_CONVERSION = YES;
				CLANG_WARN_NON_LITERAL_NULL_CONVERSION = YES;
				CLANG_WARN_OBJC_IMPLICIT_RETAIN_SELF = YES;
				CLANG_WARN_OBJC_LITERAL_CONVERSION = YES;
				CLANG_WARN_OBJC_ROOT_CLASS = YES_ERROR;
				CLANG_WARN_QUOTED_INCLUDE_IN_FRAMEWORK_HEADER = YES;
				CLANG_WARN_RANGE_LOOP_ANALYSIS = YES;
				CLANG_WARN_STRICT_PROTOTYPES = YES;
				CLANG_WARN_SUSPICIOUS_MOVE = YES;
				CLANG_WARN_UNGUARDED_AVAILABILITY = YES_AGGRESSIVE;
				CLANG_WARN_UNREACHABLE_CODE = YES;
				CLANG_WARN__DUPLICATE_METHOD_MATCH = YES;
				COPY_PHASE_STRIP = NO;
				DEBUG_INFORMATION_FORMAT = "dwarf-with-dsym";
				ENABLE_NS_ASSERTIONS = NO;
				ENABLE_STRICT_OBJC_MSGSEND = YES;
				ENABLE_USER_SCRIPT_SANDBOXING = YES;
				GCC_C_LANGUAGE_STANDARD = gnu17;
				GCC_NO_COMMON_BLOCKS = YES;
				GCC_WARN_64_TO_32_BIT_CONVERSION = YES;
				GCC_WARN_ABOUT_RETURN_TYPE = YES_ERROR;
				GCC_WARN_UNDECLARED_SELECTOR = YES;
				GCC_WARN_UNINITIALIZED_AUTOS = YES_AGGRESSIVE;
				GCC_WARN_UNUSED_FUNCTION = YES;
				GCC_WARN_UNUSED_VARIABLE = YES;
				IPHONEOS_DEPLOYMENT_TARGET = 17.2;
				LOCALIZATION_PREFERS_STRING_CATALOGS = YES;
				MTL_ENABLE_DEBUG_INFO = NO;
				MTL_FAST_MATH = YES;
				SDKROOT = iphoneos;
				SWIFT_COMPILATION_MODE = wholemodule;
				VALIDATE_PRODUCT = YES;
			};
			name = Release;
		};
		D644BE152B3502D700D80BE4 /* Debug */ = {
			isa = XCBuildConfiguration;
			buildSettings = {
				ASSETCATALOG_COMPILER_APPICON_NAME = AppIcon;
				ASSETCATALOG_COMPILER_GLOBAL_ACCENT_COLOR_NAME = AccentColor;
				CLANG_ENABLE_MODULES = YES;
				CODE_SIGN_IDENTITY = "";
				CODE_SIGN_STYLE = Manual;
				CURRENT_PROJECT_VERSION = "Public Preview 1";
				DEVELOPMENT_ASSET_PATHS = "\"AppCommander/Preview Content\"";
				ENABLE_PREVIEWS = YES;
				GENERATE_INFOPLIST_FILE = YES;
				INFOPLIST_KEY_CFBundleDisplayName = "";
				"INFOPLIST_KEY_CFBundleDisplayName[sdk=iphoneos*]" = "AppCommander Devel";
				INFOPLIST_KEY_LSApplicationCategoryType = "public.app-category.utilities";
				INFOPLIST_KEY_UIApplicationSceneManifest_Generation = YES;
				INFOPLIST_KEY_UIApplicationSupportsIndirectInputEvents = YES;
				INFOPLIST_KEY_UILaunchScreen_Generation = YES;
				INFOPLIST_KEY_UISupportedInterfaceOrientations_iPad = "UIInterfaceOrientationPortrait UIInterfaceOrientationPortraitUpsideDown UIInterfaceOrientationLandscapeLeft UIInterfaceOrientationLandscapeRight";
				INFOPLIST_KEY_UISupportedInterfaceOrientations_iPhone = "UIInterfaceOrientationPortrait UIInterfaceOrientationLandscapeLeft UIInterfaceOrientationLandscapeRight";
				IPHONEOS_DEPLOYMENT_TARGET = 15.0;
				LD_RUNPATH_SEARCH_PATHS = (
					"$(inherited)",
					"@executable_path/Frameworks",
				);
				LIBRARY_SEARCH_PATHS = (
					"$(inherited)",
					"$(PROJECT_DIR)/AppCommander/External/ChOma/external/ios",
				);
				MARKETING_VERSION = 2.0.0;
				PRODUCT_BUNDLE_IDENTIFIER = ca.bomberfish.AppCommander;
				PRODUCT_NAME = "$(TARGET_NAME)";
				SWIFT_EMIT_LOC_STRINGS = YES;
				SWIFT_OBJC_BRIDGING_HEADER = "AppCommander/AppCommander-Bridging-Header.h";
				SWIFT_OPTIMIZATION_LEVEL = "-Onone";
				SWIFT_VERSION = 5.0;
				TARGETED_DEVICE_FAMILY = "1,2";
			};
			name = Debug;
		};
		D644BE162B3502D700D80BE4 /* Release */ = {
			isa = XCBuildConfiguration;
			buildSettings = {
				ASSETCATALOG_COMPILER_APPICON_NAME = AppIcon;
				ASSETCATALOG_COMPILER_GLOBAL_ACCENT_COLOR_NAME = AccentColor;
				CLANG_ENABLE_MODULES = YES;
				CODE_SIGN_IDENTITY = "";
				CODE_SIGN_STYLE = Manual;
				CURRENT_PROJECT_VERSION = "Public Preview 1";
				DEVELOPMENT_ASSET_PATHS = "\"AppCommander/Preview Content\"";
				ENABLE_PREVIEWS = YES;
				GENERATE_INFOPLIST_FILE = YES;
				INFOPLIST_KEY_CFBundleDisplayName = "";
				INFOPLIST_KEY_LSApplicationCategoryType = "public.app-category.utilities";
				INFOPLIST_KEY_UIApplicationSceneManifest_Generation = YES;
				INFOPLIST_KEY_UIApplicationSupportsIndirectInputEvents = YES;
				INFOPLIST_KEY_UILaunchScreen_Generation = YES;
				INFOPLIST_KEY_UISupportedInterfaceOrientations_iPad = "UIInterfaceOrientationPortrait UIInterfaceOrientationPortraitUpsideDown UIInterfaceOrientationLandscapeLeft UIInterfaceOrientationLandscapeRight";
				INFOPLIST_KEY_UISupportedInterfaceOrientations_iPhone = "UIInterfaceOrientationPortrait UIInterfaceOrientationLandscapeLeft UIInterfaceOrientationLandscapeRight";
				IPHONEOS_DEPLOYMENT_TARGET = 15.0;
				LD_RUNPATH_SEARCH_PATHS = (
					"$(inherited)",
					"@executable_path/Frameworks",
				);
				LIBRARY_SEARCH_PATHS = (
					"$(inherited)",
					"$(PROJECT_DIR)/AppCommander/External/ChOma/external/ios",
				);
				MARKETING_VERSION = 2.0.0;
				PRODUCT_BUNDLE_IDENTIFIER = ca.bomberfish.AppCommander;
				PRODUCT_NAME = "$(TARGET_NAME)";
				SWIFT_EMIT_LOC_STRINGS = YES;
				SWIFT_OBJC_BRIDGING_HEADER = "AppCommander/AppCommander-Bridging-Header.h";
				SWIFT_VERSION = 5.0;
				TARGETED_DEVICE_FAMILY = "1,2";
			};
			name = Release;
		};
		D644BE182B3502D700D80BE4 /* Debug */ = {
			isa = XCBuildConfiguration;
			buildSettings = {
				ALWAYS_EMBED_SWIFT_STANDARD_LIBRARIES = YES;
				BUNDLE_LOADER = "$(TEST_HOST)";
				CODE_SIGN_STYLE = Automatic;
				CURRENT_PROJECT_VERSION = 1;
				GENERATE_INFOPLIST_FILE = YES;
				IPHONEOS_DEPLOYMENT_TARGET = 17.2;
				MARKETING_VERSION = 1.0;
				PRODUCT_BUNDLE_IDENTIFIER = ca.bomberfish.AppCommanderTests;
				PRODUCT_NAME = "$(TARGET_NAME)";
				SWIFT_EMIT_LOC_STRINGS = NO;
				SWIFT_VERSION = 5.0;
				TARGETED_DEVICE_FAMILY = "1,2";
				TEST_HOST = "$(BUILT_PRODUCTS_DIR)/AppCommander.app/$(BUNDLE_EXECUTABLE_FOLDER_PATH)/AppCommander";
			};
			name = Debug;
		};
		D644BE192B3502D700D80BE4 /* Release */ = {
			isa = XCBuildConfiguration;
			buildSettings = {
				ALWAYS_EMBED_SWIFT_STANDARD_LIBRARIES = YES;
				BUNDLE_LOADER = "$(TEST_HOST)";
				CODE_SIGN_STYLE = Automatic;
				CURRENT_PROJECT_VERSION = 1;
				GENERATE_INFOPLIST_FILE = YES;
				IPHONEOS_DEPLOYMENT_TARGET = 17.2;
				MARKETING_VERSION = 1.0;
				PRODUCT_BUNDLE_IDENTIFIER = ca.bomberfish.AppCommanderTests;
				PRODUCT_NAME = "$(TARGET_NAME)";
				SWIFT_EMIT_LOC_STRINGS = NO;
				SWIFT_VERSION = 5.0;
				TARGETED_DEVICE_FAMILY = "1,2";
				TEST_HOST = "$(BUILT_PRODUCTS_DIR)/AppCommander.app/$(BUNDLE_EXECUTABLE_FOLDER_PATH)/AppCommander";
			};
			name = Release;
		};
		D644BE1B2B3502D700D80BE4 /* Debug */ = {
			isa = XCBuildConfiguration;
			buildSettings = {
				ALWAYS_EMBED_SWIFT_STANDARD_LIBRARIES = YES;
				CODE_SIGN_STYLE = Automatic;
				CURRENT_PROJECT_VERSION = 1;
				GENERATE_INFOPLIST_FILE = YES;
				MARKETING_VERSION = 1.0;
				PRODUCT_BUNDLE_IDENTIFIER = ca.bomberfish.AppCommanderUITests;
				PRODUCT_NAME = "$(TARGET_NAME)";
				SWIFT_EMIT_LOC_STRINGS = NO;
				SWIFT_VERSION = 5.0;
				TARGETED_DEVICE_FAMILY = "1,2";
				TEST_TARGET_NAME = AppCommander;
			};
			name = Debug;
		};
		D644BE1C2B3502D700D80BE4 /* Release */ = {
			isa = XCBuildConfiguration;
			buildSettings = {
				ALWAYS_EMBED_SWIFT_STANDARD_LIBRARIES = YES;
				CODE_SIGN_STYLE = Automatic;
				CURRENT_PROJECT_VERSION = 1;
				GENERATE_INFOPLIST_FILE = YES;
				MARKETING_VERSION = 1.0;
				PRODUCT_BUNDLE_IDENTIFIER = ca.bomberfish.AppCommanderUITests;
				PRODUCT_NAME = "$(TARGET_NAME)";
				SWIFT_EMIT_LOC_STRINGS = NO;
				SWIFT_VERSION = 5.0;
				TARGETED_DEVICE_FAMILY = "1,2";
				TEST_TARGET_NAME = AppCommander;
			};
			name = Release;
		};
/* End XCBuildConfiguration section */

/* Begin XCConfigurationList section */
		D644BDEB2B3502D400D80BE4 /* Build configuration list for PBXProject "AppCommander" */ = {
			isa = XCConfigurationList;
			buildConfigurations = (
				D644BE122B3502D700D80BE4 /* Debug */,
				D644BE132B3502D700D80BE4 /* Release */,
			);
			defaultConfigurationIsVisible = 0;
			defaultConfigurationName = Release;
		};
		D644BE142B3502D700D80BE4 /* Build configuration list for PBXNativeTarget "AppCommander" */ = {
			isa = XCConfigurationList;
			buildConfigurations = (
				D644BE152B3502D700D80BE4 /* Debug */,
				D644BE162B3502D700D80BE4 /* Release */,
			);
			defaultConfigurationIsVisible = 0;
			defaultConfigurationName = Release;
		};
		D644BE172B3502D700D80BE4 /* Build configuration list for PBXNativeTarget "AppCommanderTests" */ = {
			isa = XCConfigurationList;
			buildConfigurations = (
				D644BE182B3502D700D80BE4 /* Debug */,
				D644BE192B3502D700D80BE4 /* Release */,
			);
			defaultConfigurationIsVisible = 0;
			defaultConfigurationName = Release;
		};
		D644BE1A2B3502D700D80BE4 /* Build configuration list for PBXNativeTarget "AppCommanderUITests" */ = {
			isa = XCConfigurationList;
			buildConfigurations = (
				D644BE1B2B3502D700D80BE4 /* Debug */,
				D644BE1C2B3502D700D80BE4 /* Release */,
			);
			defaultConfigurationIsVisible = 0;
			defaultConfigurationName = Release;
		};
/* End XCConfigurationList section */

/* Begin XCRemoteSwiftPackageReference section */
		D644BEA92B350AE100D80BE4 /* XCRemoteSwiftPackageReference "URLBackport-archive" */ = {
			isa = XCRemoteSwiftPackageReference;
			repositoryURL = "https://github.com/BomberFish/URLBackport-archive";
			requirement = {
				branch = master;
				kind = branch;
			};
		};
		D644BEAC2B350B1C00D80BE4 /* XCRemoteSwiftPackageReference "Dynamic" */ = {
			isa = XCRemoteSwiftPackageReference;
			repositoryURL = "https://github.com/mhdhejazi/Dynamic";
			requirement = {
				kind = upToNextMajorVersion;
				minimumVersion = 1.2.0;
			};
		};
/* End XCRemoteSwiftPackageReference section */

/* Begin XCSwiftPackageProductDependency section */
		D644BEAA2B350AE100D80BE4 /* URLBackport */ = {
			isa = XCSwiftPackageProductDependency;
			package = D644BEA92B350AE100D80BE4 /* XCRemoteSwiftPackageReference "URLBackport-archive" */;
			productName = URLBackport;
		};
		D644BEAD2B350B1C00D80BE4 /* Dynamic */ = {
			isa = XCSwiftPackageProductDependency;
			package = D644BEAC2B350B1C00D80BE4 /* XCRemoteSwiftPackageReference "Dynamic" */;
			productName = Dynamic;
		};
/* End XCSwiftPackageProductDependency section */
	};
	rootObject = D644BDE82B3502D400D80BE4 /* Project object */;
}
